// !$*UTF8*$!
{
	archiveVersion = 1;
	classes = {
	};
	objectVersion = 46;
	objects = {

/* Begin PBXBuildFile section */
		7B022AC11D7FB2B3002BEC02 /* main.m in Sources */ = {isa = PBXBuildFile; fileRef = 7B022AC01D7FB2B3002BEC02 /* main.m */; };
		7B022AC41D7FB2B3002BEC02 /* AppDelegate.m in Sources */ = {isa = PBXBuildFile; fileRef = 7B022AC31D7FB2B3002BEC02 /* AppDelegate.m */; };
		7B022AC71D7FB2B3002BEC02 /* ViewController.m in Sources */ = {isa = PBXBuildFile; fileRef = 7B022AC61D7FB2B3002BEC02 /* ViewController.m */; };
		7B022ACC1D7FB2B3002BEC02 /* Assets.xcassets in Resources */ = {isa = PBXBuildFile; fileRef = 7B022ACB1D7FB2B3002BEC02 /* Assets.xcassets */; };
		7B022ACF1D7FB2B3002BEC02 /* LaunchScreen.storyboard in Resources */ = {isa = PBXBuildFile; fileRef = 7B022ACD1D7FB2B3002BEC02 /* LaunchScreen.storyboard */; };
		7B022AD81D7FE41E002BEC02 /* SnapAndAttachmentViewController.m in Sources */ = {isa = PBXBuildFile; fileRef = 7B022AD71D7FE41E002BEC02 /* SnapAndAttachmentViewController.m */; };
		7B022ADB1D800234002BEC02 /* TestDymanic.m in Sources */ = {isa = PBXBuildFile; fileRef = 7B022ADA1D800234002BEC02 /* TestDymanic.m */; };
		7B022ADE1D80042E002BEC02 /* CoreMotion.framework in Frameworks */ = {isa = PBXBuildFile; fileRef = 7B022ADD1D80042E002BEC02 /* CoreMotion.framework */; };
		7B022AE21D800694002BEC02 /* UIView+Dymanic.m in Sources */ = {isa = PBXBuildFile; fileRef = 7B022AE11D800694002BEC02 /* UIView+Dymanic.m */; };
		7B022AE41D810C3C002BEC02 /* 070f1d32-c0b7-3ebc-b18d-7a6d3b0686fd.png in Resources */ = {isa = PBXBuildFile; fileRef = 7B022AE31D810C3C002BEC02 /* 070f1d32-c0b7-3ebc-b18d-7a6d3b0686fd.png */; };
		7B022AE71D810D07002BEC02 /* NiuDunBaiViewController.m in Sources */ = {isa = PBXBuildFile; fileRef = 7B022AE61D810D07002BEC02 /* NiuDunBaiViewController.m */; };
		7B022AEB1D810E0F002BEC02 /* QiuView.m in Sources */ = {isa = PBXBuildFile; fileRef = 7B022AEA1D810E0F002BEC02 /* QiuView.m */; };
		7B022AEE1D811182002BEC02 /* NewtonsCradle.m in Sources */ = {isa = PBXBuildFile; fileRef = 7B022AED1D811182002BEC02 /* NewtonsCradle.m */; };
/* End PBXBuildFile section */

/* Begin PBXFileReference section */
		7B022ABC1D7FB2B3002BEC02 /* StudyForDymanic.app */ = {isa = PBXFileReference; explicitFileType = wrapper.application; includeInIndex = 0; path = StudyForDymanic.app; sourceTree = BUILT_PRODUCTS_DIR; };
		7B022AC01D7FB2B3002BEC02 /* main.m */ = {isa = PBXFileReference; lastKnownFileType = sourcecode.c.objc; path = main.m; sourceTree = "<group>"; };
		7B022AC21D7FB2B3002BEC02 /* AppDelegate.h */ = {isa = PBXFileReference; lastKnownFileType = sourcecode.c.h; path = AppDelegate.h; sourceTree = "<group>"; };
		7B022AC31D7FB2B3002BEC02 /* AppDelegate.m */ = {isa = PBXFileReference; lastKnownFileType = sourcecode.c.objc; path = AppDelegate.m; sourceTree = "<group>"; };
		7B022AC51D7FB2B3002BEC02 /* ViewController.h */ = {isa = PBXFileReference; lastKnownFileType = sourcecode.c.h; path = ViewController.h; sourceTree = "<group>"; };
		7B022AC61D7FB2B3002BEC02 /* ViewController.m */ = {isa = PBXFileReference; lastKnownFileType = sourcecode.c.objc; path = ViewController.m; sourceTree = "<group>"; };
		7B022ACB1D7FB2B3002BEC02 /* Assets.xcassets */ = {isa = PBXFileReference; lastKnownFileType = folder.assetcatalog; path = Assets.xcassets; sourceTree = "<group>"; };
		7B022ACE1D7FB2B3002BEC02 /* Base */ = {isa = PBXFileReference; lastKnownFileType = file.storyboard; name = Base; path = Base.lproj/LaunchScreen.storyboard; sourceTree = "<group>"; };
		7B022AD01D7FB2B3002BEC02 /* Info.plist */ = {isa = PBXFileReference; lastKnownFileType = text.plist.xml; path = Info.plist; sourceTree = "<group>"; };
		7B022AD61D7FE41E002BEC02 /* SnapAndAttachmentViewController.h */ = {isa = PBXFileReference; fileEncoding = 4; lastKnownFileType = sourcecode.c.h; path = SnapAndAttachmentViewController.h; sourceTree = "<group>"; };
		7B022AD71D7FE41E002BEC02 /* SnapAndAttachmentViewController.m */ = {isa = PBXFileReference; fileEncoding = 4; lastKnownFileType = sourcecode.c.objc; path = SnapAndAttachmentViewController.m; sourceTree = "<group>"; };
		7B022AD91D800234002BEC02 /* TestDymanic.h */ = {isa = PBXFileReference; fileEncoding = 4; lastKnownFileType = sourcecode.c.h; name = TestDymanic.h; path = StudyForDymanic/TestDymanic.h; sourceTree = SOURCE_ROOT; };
		7B022ADA1D800234002BEC02 /* TestDymanic.m */ = {isa = PBXFileReference; fileEncoding = 4; lastKnownFileType = sourcecode.c.objc; name = TestDymanic.m; path = StudyForDymanic/TestDymanic.m; sourceTree = SOURCE_ROOT; };
		7B022ADD1D80042E002BEC02 /* CoreMotion.framework */ = {isa = PBXFileReference; lastKnownFileType = wrapper.framework; name = CoreMotion.framework; path = System/Library/Frameworks/CoreMotion.framework; sourceTree = SDKROOT; };
		7B022AE01D800694002BEC02 /* UIView+Dymanic.h */ = {isa = PBXFileReference; fileEncoding = 4; lastKnownFileType = sourcecode.c.h; path = "UIView+Dymanic.h"; sourceTree = "<group>"; };
		7B022AE11D800694002BEC02 /* UIView+Dymanic.m */ = {isa = PBXFileReference; fileEncoding = 4; lastKnownFileType = sourcecode.c.objc; path = "UIView+Dymanic.m"; sourceTree = "<group>"; };
		7B022AE31D810C3C002BEC02 /* 070f1d32-c0b7-3ebc-b18d-7a6d3b0686fd.png */ = {isa = PBXFileReference; lastKnownFileType = image.png; path = "070f1d32-c0b7-3ebc-b18d-7a6d3b0686fd.png"; sourceTree = "<group>"; };
		7B022AE51D810D07002BEC02 /* NiuDunBaiViewController.h */ = {isa = PBXFileReference; fileEncoding = 4; lastKnownFileType = sourcecode.c.h; path = NiuDunBaiViewController.h; sourceTree = "<group>"; };
		7B022AE61D810D07002BEC02 /* NiuDunBaiViewController.m */ = {isa = PBXFileReference; fileEncoding = 4; lastKnownFileType = sourcecode.c.objc; path = NiuDunBaiViewController.m; sourceTree = "<group>"; };
		7B022AE91D810E0F002BEC02 /* QiuView.h */ = {isa = PBXFileReference; fileEncoding = 4; lastKnownFileType = sourcecode.c.h; path = QiuView.h; sourceTree = "<group>"; };
		7B022AEA1D810E0F002BEC02 /* QiuView.m */ = {isa = PBXFileReference; fileEncoding = 4; lastKnownFileType = sourcecode.c.objc; path = QiuView.m; sourceTree = "<group>"; };
		7B022AEC1D811182002BEC02 /* NewtonsCradle.h */ = {isa = PBXFileReference; fileEncoding = 4; lastKnownFileType = sourcecode.c.h; path = NewtonsCradle.h; sourceTree = "<group>"; };
		7B022AED1D811182002BEC02 /* NewtonsCradle.m */ = {isa = PBXFileReference; fileEncoding = 4; lastKnownFileType = sourcecode.c.objc; path = NewtonsCradle.m; sourceTree = "<group>"; };
/* End PBXFileReference section */

/* Begin PBXFrameworksBuildPhase section */
		7B022AB91D7FB2B3002BEC02 /* Frameworks */ = {
			isa = PBXFrameworksBuildPhase;
			buildActionMask = 2147483647;
			files = (
				7B022ADE1D80042E002BEC02 /* CoreMotion.framework in Frameworks */,
			);
			runOnlyForDeploymentPostprocessing = 0;
		};
/* End PBXFrameworksBuildPhase section */

/* Begin PBXGroup section */
		7B022AB31D7FB2B3002BEC02 = {
			isa = PBXGroup;
			children = (
				7B022ABE1D7FB2B3002BEC02 /* StudyForDymanic */,
				7B022ABD1D7FB2B3002BEC02 /* Products */,
			);
			sourceTree = "<group>";
		};
		7B022ABD1D7FB2B3002BEC02 /* Products */ = {
			isa = PBXGroup;
			children = (
				7B022ABC1D7FB2B3002BEC02 /* StudyForDymanic.app */,
			);
			name = Products;
			sourceTree = "<group>";
		};
		7B022ABE1D7FB2B3002BEC02 /* StudyForDymanic */ = {
			isa = PBXGroup;
			children = (
				7B022AE81D810D0F002BEC02 /* 牛顿摆 */,
				7B022ADC1D8003D7002BEC02 /* TestDymanic */,
				7B022AC21D7FB2B3002BEC02 /* AppDelegate.h */,
				7B022AC31D7FB2B3002BEC02 /* AppDelegate.m */,
				7B022AC51D7FB2B3002BEC02 /* ViewController.h */,
				7B022AC61D7FB2B3002BEC02 /* ViewController.m */,
				7B022AD61D7FE41E002BEC02 /* SnapAndAttachmentViewController.h */,
				7B022AD71D7FE41E002BEC02 /* SnapAndAttachmentViewController.m */,
				7B022ACB1D7FB2B3002BEC02 /* Assets.xcassets */,
				7B022ACD1D7FB2B3002BEC02 /* LaunchScreen.storyboard */,
				7B022AD01D7FB2B3002BEC02 /* Info.plist */,
				7B022ADF1D800605002BEC02 /* Frameworks */,
				7B022ABF1D7FB2B3002BEC02 /* Supporting Files */,
			);
			path = StudyForDymanic;
			sourceTree = "<group>";
		};
		7B022ABF1D7FB2B3002BEC02 /* Supporting Files */ = {
			isa = PBXGroup;
			children = (
				7B022AC01D7FB2B3002BEC02 /* main.m */,
			);
			name = "Supporting Files";
			sourceTree = "<group>";
		};
		7B022ADC1D8003D7002BEC02 /* TestDymanic */ = {
			isa = PBXGroup;
			children = (
				7B022AE31D810C3C002BEC02 /* 070f1d32-c0b7-3ebc-b18d-7a6d3b0686fd.png */,
				7B022AD91D800234002BEC02 /* TestDymanic.h */,
				7B022ADA1D800234002BEC02 /* TestDymanic.m */,
				7B022AE01D800694002BEC02 /* UIView+Dymanic.h */,
				7B022AE11D800694002BEC02 /* UIView+Dymanic.m */,
			);
			path = TestDymanic;
			sourceTree = "<group>";
		};
		7B022ADF1D800605002BEC02 /* Frameworks */ = {
			isa = PBXGroup;
			children = (
				7B022ADD1D80042E002BEC02 /* CoreMotion.framework */,
			);
			name = Frameworks;
			path = ..;
			sourceTree = "<group>";
		};
		7B022AE81D810D0F002BEC02 /* 牛顿摆 */ = {
			isa = PBXGroup;
			children = (
				7B022AE51D810D07002BEC02 /* NiuDunBaiViewController.h */,
				7B022AE61D810D07002BEC02 /* NiuDunBaiViewController.m */,
				7B022AE91D810E0F002BEC02 /* QiuView.h */,
				7B022AEA1D810E0F002BEC02 /* QiuView.m */,
				7B022AEC1D811182002BEC02 /* NewtonsCradle.h */,
				7B022AED1D811182002BEC02 /* NewtonsCradle.m */,
			);
			name = "牛顿摆";
			sourceTree = "<group>";
		};
/* End PBXGroup section */

/* Begin PBXNativeTarget section */
		7B022ABB1D7FB2B3002BEC02 /* StudyForDymanic */ = {
			isa = PBXNativeTarget;
			buildConfigurationList = 7B022AD31D7FB2B3002BEC02 /* Build configuration list for PBXNativeTarget "StudyForDymanic" */;
			buildPhases = (
				7B022AB81D7FB2B3002BEC02 /* Sources */,
				7B022AB91D7FB2B3002BEC02 /* Frameworks */,
				7B022ABA1D7FB2B3002BEC02 /* Resources */,
			);
			buildRules = (
			);
			dependencies = (
			);
			name = StudyForDymanic;
			productName = StudyForDymanic;
			productReference = 7B022ABC1D7FB2B3002BEC02 /* StudyForDymanic.app */;
			productType = "com.apple.product-type.application";
		};
/* End PBXNativeTarget section */

/* Begin PBXProject section */
		7B022AB41D7FB2B3002BEC02 /* Project object */ = {
			isa = PBXProject;
			attributes = {
				LastUpgradeCheck = 0730;
				ORGANIZATIONNAME = lilianyou;
				TargetAttributes = {
					7B022ABB1D7FB2B3002BEC02 = {
						CreatedOnToolsVersion = 7.3;
					};
				};
			};
			buildConfigurationList = 7B022AB71D7FB2B3002BEC02 /* Build configuration list for PBXProject "StudyForDymanic" */;
			compatibilityVersion = "Xcode 3.2";
			developmentRegion = English;
			hasScannedForEncodings = 0;
			knownRegions = (
				en,
				Base,
			);
			mainGroup = 7B022AB31D7FB2B3002BEC02;
			productRefGroup = 7B022ABD1D7FB2B3002BEC02 /* Products */;
			projectDirPath = "";
			projectRoot = "";
			targets = (
				7B022ABB1D7FB2B3002BEC02 /* StudyForDymanic */,
			);
		};
/* End PBXProject section */

/* Begin PBXResourcesBuildPhase section */
		7B022ABA1D7FB2B3002BEC02 /* Resources */ = {
			isa = PBXResourcesBuildPhase;
			buildActionMask = 2147483647;
			files = (
				7B022ACF1D7FB2B3002BEC02 /* LaunchScreen.storyboard in Resources */,
				7B022ACC1D7FB2B3002BEC02 /* Assets.xcassets in Resources */,
				7B022AE41D810C3C002BEC02 /* 070f1d32-c0b7-3ebc-b18d-7a6d3b0686fd.png in Resources */,
			);
			runOnlyForDeploymentPostprocessing = 0;
		};
/* End PBXResourcesBuildPhase section */

/* Begin PBXSourcesBuildPhase section */
		7B022AB81D7FB2B3002BEC02 /* Sources */ = {
			isa = PBXSourcesBuildPhase;
			buildActionMask = 2147483647;
			files = (
				7B022AC71D7FB2B3002BEC02 /* ViewController.m in Sources */,
				7B022ADB1D800234002BEC02 /* TestDymanic.m in Sources */,
				7B022AE21D800694002BEC02 /* UIView+Dymanic.m in Sources */,
				7B022AC41D7FB2B3002BEC02 /* AppDelegate.m in Sources */,
				7B022AC11D7FB2B3002BEC02 /* main.m in Sources */,
				7B022AEE1D811182002BEC02 /* NewtonsCradle.m in Sources */,
				7B022AD81D7FE41E002BEC02 /* SnapAndAttachmentViewController.m in Sources */,
				7B022AEB1D810E0F002BEC02 /* QiuView.m in Sources */,
				7B022AE71D810D07002BEC02 /* NiuDunBaiViewController.m in Sources */,
			);
			runOnlyForDeploymentPostprocessing = 0;
		};
/* End PBXSourcesBuildPhase section */

/* Begin PBXVariantGroup section */
		7B022ACD1D7FB2B3002BEC02 /* LaunchScreen.storyboard */ = {
			isa = PBXVariantGroup;
			children = (
				7B022ACE1D7FB2B3002BEC02 /* Base */,
			);
			name = LaunchScreen.storyboard;
			sourceTree = "<group>";
		};
/* End PBXVariantGroup section */

/* Begin XCBuildConfiguration section */
		7B022AD11D7FB2B3002BEC02 /* Debug */ = {
			isa = XCBuildConfiguration;
			buildSettings = {
				ALWAYS_SEARCH_USER_PATHS = NO;
				CLANG_ANALYZER_NONNULL = YES;
				CLANG_CXX_LANGUAGE_STANDARD = "gnu++0x";
				CLANG_CXX_LIBRARY = "libc++";
				CLANG_ENABLE_MODULES = YES;
				CLANG_ENABLE_OBJC_ARC = YES;
				CLANG_WARN_BOOL_CONVERSION = YES;
				CLANG_WARN_CONSTANT_CONVERSION = YES;
				CLANG_WARN_DIRECT_OBJC_ISA_USAGE = YES_ERROR;
				CLANG_WARN_EMPTY_BODY = YES;
				CLANG_WARN_ENUM_CONVERSION = YES;
				CLANG_WARN_INT_CONVERSION = YES;
				CLANG_WARN_OBJC_ROOT_CLASS = YES_ERROR;
				CLANG_WARN_UNREACHABLE_CODE = YES;
				CLANG_WARN__DUPLICATE_METHOD_MATCH = YES;
				"CODE_SIGN_IDENTITY[sdk=iphoneos*]" = "iPhone Developer";
				COPY_PHASE_STRIP = NO;
				DEBUG_INFORMATION_FORMAT = dwarf;
				ENABLE_STRICT_OBJC_MSGSEND = YES;
				ENABLE_TESTABILITY = YES;
				GCC_C_LANGUAGE_STANDARD = gnu99;
				GCC_DYNAMIC_NO_PIC = NO;
				GCC_NO_COMMON_BLOCKS = YES;
				GCC_OPTIMIZATION_LEVEL = 0;
				GCC_PREPROCESSOR_DEFINITIONS = (
					"DEBUG=1",
					"$(inherited)",
				);
				GCC_WARN_64_TO_32_BIT_CONVERSION = YES;
				GCC_WARN_ABOUT_RETURN_TYPE = YES_ERROR;
				GCC_WARN_UNDECLARED_SELECTOR = YES;
				GCC_WARN_UNINITIALIZED_AUTOS = YES_AGGRESSIVE;
				GCC_WARN_UNUSED_FUNCTION = YES;
				GCC_WARN_UNUSED_VARIABLE = YES;
				IPHONEOS_DEPLOYMENT_TARGET = 9.3;
				MTL_ENABLE_DEBUG_INFO = YES;
				ONLY_ACTIVE_ARCH = YES;
				SDKROOT = iphoneos;
				TARGETED_DEVICE_FAMILY = "1,2";
			};
			name = Debug;
		};
		7B022AD21D7FB2B3002BEC02 /* Release */ = {
			isa = XCBuildConfiguration;
			buildSettings = {
				ALWAYS_SEARCH_USER_PATHS = NO;
				CLANG_ANALYZER_NONNULL = YES;
				CLANG_CXX_LANGUAGE_STANDARD = "gnu++0x";
				CLANG_CXX_LIBRARY = "libc++";
				CLANG_ENABLE_MODULES = YES;
				CLANG_ENABLE_OBJC_ARC = YES;
				CLANG_WARN_BOOL_CONVERSION = YES;
				CLANG_WARN_CONSTANT_CONVERSION = YES;
				CLANG_WARN_DIRECT_OBJC_ISA_USAGE = YES_ERROR;
				CLANG_WARN_EMPTY_BODY = YES;
				CLANG_WARN_ENUM_CONVERSION = YES;
				CLANG_WARN_INT_CONVERSION = YES;
				CLANG_WARN_OBJC_ROOT_CLASS = YES_ERROR;
				CLANG_WARN_UNREACHABLE_CODE = YES;
				CLANG_WARN__DUPLICATE_METHOD_MATCH = YES;
				"CODE_SIGN_IDENTITY[sdk=iphoneos*]" = "iPhone Developer";
				COPY_PHASE_STRIP = NO;
				DEBUG_INFORMATION_FORMAT = "dwarf-with-dsym";
				ENABLE_NS_ASSERTIONS = NO;
				ENABLE_STRICT_OBJC_MSGSEND = YES;
				GCC_C_LANGUAGE_STANDARD = gnu99;
				GCC_NO_COMMON_BLOCKS = YES;
				GCC_WARN_64_TO_32_BIT_CONVERSION = YES;
				GCC_WARN_ABOUT_RETURN_TYPE = YES_ERROR;
				GCC_WARN_UNDECLARED_SELECTOR = YES;
				GCC_WARN_UNINITIALIZED_AUTOS = YES_AGGRESSIVE;
				GCC_WARN_UNUSED_FUNCTION = YES;
				GCC_WARN_UNUSED_VARIABLE = YES;
				IPHONEOS_DEPLOYMENT_TARGET = 9.3;
				MTL_ENABLE_DEBUG_INFO = NO;
				SDKROOT = iphoneos;
				TARGETED_DEVICE_FAMILY = "1,2";
				VALIDATE_PRODUCT = YES;
			};
			name = Release;
		};
		7B022AD41D7FB2B3002BEC02 /* Debug */ = {
			isa = XCBuildConfiguration;
			buildSettings = {
				ASSETCATALOG_COMPILER_APPICON_NAME = AppIcon;
				INFOPLIST_FILE = StudyForDymanic/Info.plist;
				LD_RUNPATH_SEARCH_PATHS = "$(inherited) @executable_path/Frameworks";
				PRODUCT_BUNDLE_IDENTIFIER = StudyEveryDay.StudyForDymanic;
				PRODUCT_NAME = "$(TARGET_NAME)";
			};
			name = Debug;
		};
		7B022AD51D7FB2B3002BEC02 /* Release */ = {
			isa = XCBuildConfiguration;
			buildSettings = {
				ASSETCATALOG_COMPILER_APPICON_NAME = AppIcon;
				INFOPLIST_FILE = StudyForDymanic/Info.plist;
				LD_RUNPATH_SEARCH_PATHS = "$(inherited) @executable_path/Frameworks";
				PRODUCT_BUNDLE_IDENTIFIER = StudyEveryDay.StudyForDymanic;
				PRODUCT_NAME = "$(TARGET_NAME)";
			};
			name = Release;
		};
/* End XCBuildConfiguration section */

/* Begin XCConfigurationList section */
		7B022AB71D7FB2B3002BEC02 /* Build configuration list for PBXProject "StudyForDymanic" */ = {
			isa = XCConfigurationList;
			buildConfigurations = (
				7B022AD11D7FB2B3002BEC02 /* Debug */,
				7B022AD21D7FB2B3002BEC02 /* Release */,
			);
			defaultConfigurationIsVisible = 0;
			defaultConfigurationName = Release;
		};
		7B022AD31D7FB2B3002BEC02 /* Build configuration list for PBXNativeTarget "StudyForDymanic" */ = {
			isa = XCConfigurationList;
			buildConfigurations = (
				7B022AD41D7FB2B3002BEC02 /* Debug */,
				7B022AD51D7FB2B3002BEC02 /* Release */,
			);
			defaultConfigurationIsVisible = 0;
		};
/* End XCConfigurationList section */
	};
	rootObject = 7B022AB41D7FB2B3002BEC02 /* Project object */;
}
